
Microsoft Visual Studio Solution File, Format Version 12.00
# Visual Studio Version 17
VisualStudioVersion = 17.4.33122.133
MinimumVisualStudioVersion = 10.0.40219.1
Project("{FAE04EC0-301F-11D3-BF4B-00C04F79EFBC}") = "UserRegistrationMSTestDemo", "UserRegistrationMSTestDemo\UserRegistrationMSTestDemo.csproj", "{F9657F5F-E337-468A-AF1D-2974A6978474}"
EndProject
Project("{FAE04EC0-301F-11D3-BF4B-00C04F79EFBC}") = "MSTestUserDetails", "MSTestUserDetails\MSTestUserDetails.csproj", "{D84EE3FD-58C6-485F-B1E1-34E9DFD3DCC3}"
EndProject
Global
	GlobalSection(SolutionConfigurationPlatforms) = preSolution
		Debug|Any CPU = Debug|Any CPU
		Release|Any CPU = Release|Any CPU
	EndGlobalSection
	GlobalSection(ProjectConfigurationPlatforms) = postSolution
		{F9657F5F-E337-468A-AF1D-2974A6978474}.Debug|Any CPU.ActiveCfg = Debug|Any CPU
		{F9657F5F-E337-468A-AF1D-2974A6978474}.Debug|Any CPU.Build.0 = Debug|Any CPU
		{F9657F5F-E337-468A-AF1D-2974A6978474}.Release|Any CPU.ActiveCfg = Release|Any CPU
		{F9657F5F-E337-468A-AF1D-2974A6978474}.Release|Any CPU.Build.0 = Release|Any CPU
		{D84EE3FD-58C6-485F-B1E1-34E9DFD3DCC3}.Debug|Any CPU.ActiveCfg = Debug|Any CPU
		{D84EE3FD-58C6-485F-B1E1-34E9DFD3DCC3}.Debug|Any CPU.Build.0 = Debug|Any CPU
		{D84EE3FD-58C6-485F-B1E1-34E9DFD3DCC3}.Release|Any CPU.ActiveCfg = Release|Any CPU
		{D84EE3FD-58C6-485F-B1E1-34E9DFD3DCC3}.Release|Any CPU.Build.0 = Release|Any CPU
	EndGlobalSection
	GlobalSection(SolutionProperties) = preSolution
		HideSolutionNode = FALSE
	EndGlobalSection
	GlobalSection(ExtensibilityGlobals) = postSolution
		SolutionGuid = {6DED7EF0-0AD9-4792-A021-1FE1603478EE}
	EndGlobalSection
EndGlobal
